{
  "requires": true,
  "lockfileVersion": 1,
  "dependencies": {
    "angular-material": {
      "version": "1.1.24",
      "resolved": "https://registry.npmjs.org/angular-material/-/angular-material-1.1.24.tgz",
      "integrity": "sha512-WlepLr+04g9g+Pd26t0G7vNRvF6XVCgRo7VZA1d/XGwpt5O0KafKujcaurFkYvgF5qaGGQXGPokX8sj6KaxDsw=="
    }
  }
}
